// !$*UTF8*$!
{
	archiveVersion = 1;
	classes = {
	};
	objectVersion = 50;
	objects = {

/* Begin PBXBuildFile section */
		71D33BE421C923AA0099E59D /* main.swift in Sources */ = {isa = PBXBuildFile; fileRef = 71D33BE321C923AA0099E59D /* main.swift */; };
		71D33BED21C923F50099E59D /* Day.swift in Sources */ = {isa = PBXBuildFile; fileRef = 71D33BEC21C923F50099E59D /* Day.swift */; };
		71D33BEF21C923FB0099E59D /* shared.swift in Sources */ = {isa = PBXBuildFile; fileRef = 71D33BEE21C923FB0099E59D /* shared.swift */; };
		71D33BF121C924190099E59D /* Input.swift in Sources */ = {isa = PBXBuildFile; fileRef = 71D33BF021C924190099E59D /* Input.swift */; };
		71D33BF421C9250F0099E59D /* Day1.swift in Sources */ = {isa = PBXBuildFile; fileRef = 71D33BF321C9250F0099E59D /* Day1.swift */; };
		71D33BF721C9296B0099E59D /* Day2.swift in Sources */ = {isa = PBXBuildFile; fileRef = 71D33BF621C9296B0099E59D /* Day2.swift */; };
		71D33BFB21C92E380099E59D /* Day3.swift in Sources */ = {isa = PBXBuildFile; fileRef = 71D33BFA21C92E380099E59D /* Day3.swift */; };
		71D33BFE21C930880099E59D /* Day4.swift in Sources */ = {isa = PBXBuildFile; fileRef = 71D33BFD21C930880099E59D /* Day4.swift */; };
		71D33C0021C931C70099E59D /* Day5.swift in Sources */ = {isa = PBXBuildFile; fileRef = 71D33BFF21C931C70099E59D /* Day5.swift */; };
		71D33C0421C937F80099E59D /* Day6.swift in Sources */ = {isa = PBXBuildFile; fileRef = 71D33C0321C937F80099E59D /* Day6.swift */; };
/* End PBXBuildFile section */

/* Begin PBXCopyFilesBuildPhase section */
		71D33BDE21C923AA0099E59D /* CopyFiles */ = {
			isa = PBXCopyFilesBuildPhase;
			buildActionMask = 2147483647;
			dstPath = /usr/share/man/man1/;
			dstSubfolderSpec = 0;
			files = (
			);
			runOnlyForDeploymentPostprocessing = 1;
		};
/* End PBXCopyFilesBuildPhase section */

/* Begin PBXFileReference section */
		71D33BE021C923AA0099E59D /* AdventOfCode2017 */ = {isa = PBXFileReference; explicitFileType = "compiled.mach-o.executable"; includeInIndex = 0; path = AdventOfCode2017; sourceTree = BUILT_PRODUCTS_DIR; };
		71D33BE321C923AA0099E59D /* main.swift */ = {isa = PBXFileReference; lastKnownFileType = sourcecode.swift; path = main.swift; sourceTree = "<group>"; };
		71D33BEC21C923F50099E59D /* Day.swift */ = {isa = PBXFileReference; fileEncoding = 4; lastKnownFileType = sourcecode.swift; path = Day.swift; sourceTree = "<group>"; };
		71D33BEE21C923FB0099E59D /* shared.swift */ = {isa = PBXFileReference; fileEncoding = 4; lastKnownFileType = sourcecode.swift; path = shared.swift; sourceTree = "<group>"; };
		71D33BF021C924190099E59D /* Input.swift */ = {isa = PBXFileReference; fileEncoding = 4; lastKnownFileType = sourcecode.swift; path = Input.swift; sourceTree = "<group>"; };
		71D33BF221C924350099E59D /* readme.md */ = {isa = PBXFileReference; lastKnownFileType = net.daringfireball.markdown; name = readme.md; path = ../readme.md; sourceTree = "<group>"; };
		71D33BF321C9250F0099E59D /* Day1.swift */ = {isa = PBXFileReference; lastKnownFileType = sourcecode.swift; path = Day1.swift; sourceTree = "<group>"; };
		71D33BF521C925730099E59D /* day1.txt */ = {isa = PBXFileReference; lastKnownFileType = text; path = day1.txt; sourceTree = "<group>"; };
		71D33BF621C9296B0099E59D /* Day2.swift */ = {isa = PBXFileReference; lastKnownFileType = sourcecode.swift; path = Day2.swift; sourceTree = "<group>"; };
		71D33BF821C929760099E59D /* day2.txt */ = {isa = PBXFileReference; lastKnownFileType = text; path = day2.txt; sourceTree = "<group>"; };
		71D33BF921C92E290099E59D /* day3.txt */ = {isa = PBXFileReference; lastKnownFileType = text; path = day3.txt; sourceTree = "<group>"; };
		71D33BFA21C92E380099E59D /* Day3.swift */ = {isa = PBXFileReference; lastKnownFileType = sourcecode.swift; path = Day3.swift; sourceTree = "<group>"; };
		71D33BFC21C930760099E59D /* day4.txt */ = {isa = PBXFileReference; lastKnownFileType = text; path = day4.txt; sourceTree = "<group>"; };
		71D33BFD21C930880099E59D /* Day4.swift */ = {isa = PBXFileReference; lastKnownFileType = sourcecode.swift; path = Day4.swift; sourceTree = "<group>"; };
		71D33BFF21C931C70099E59D /* Day5.swift */ = {isa = PBXFileReference; lastKnownFileType = sourcecode.swift; path = Day5.swift; sourceTree = "<group>"; };
		71D33C0121C931D20099E59D /* day5.txt */ = {isa = PBXFileReference; lastKnownFileType = text; path = day5.txt; sourceTree = "<group>"; };
		71D33C0221C937E40099E59D /* day6.txt */ = {isa = PBXFileReference; lastKnownFileType = text; path = day6.txt; sourceTree = "<group>"; };
		71D33C0321C937F80099E59D /* Day6.swift */ = {isa = PBXFileReference; lastKnownFileType = sourcecode.swift; path = Day6.swift; sourceTree = "<group>"; };
/* End PBXFileReference section */

/* Begin PBXFrameworksBuildPhase section */
		71D33BDD21C923AA0099E59D /* Frameworks */ = {
			isa = PBXFrameworksBuildPhase;
			buildActionMask = 2147483647;
			files = (
			);
			runOnlyForDeploymentPostprocessing = 0;
		};
/* End PBXFrameworksBuildPhase section */

/* Begin PBXGroup section */
		71D33BD721C923AA0099E59D = {
			isa = PBXGroup;
			children = (
				71D33BE221C923AA0099E59D /* AdventOfCode2017 */,
				71D33BE121C923AA0099E59D /* Products */,
				71D33BF221C924350099E59D /* readme.md */,
			);
			sourceTree = "<group>";
		};
		71D33BE121C923AA0099E59D /* Products */ = {
			isa = PBXGroup;
			children = (
				71D33BE021C923AA0099E59D /* AdventOfCode2017 */,
			);
			name = Products;
			sourceTree = "<group>";
		};
		71D33BE221C923AA0099E59D /* AdventOfCode2017 */ = {
			isa = PBXGroup;
			children = (
				71D33BE321C923AA0099E59D /* main.swift */,
				71D33BEE21C923FB0099E59D /* shared.swift */,
				71D33BEA21C923C60099E59D /* Days */,
				71D33BEB21C923D10099E59D /* Input */,
			);
			path = AdventOfCode2017;
			sourceTree = "<group>";
		};
		71D33BEA21C923C60099E59D /* Days */ = {
			isa = PBXGroup;
			children = (
				71D33BEC21C923F50099E59D /* Day.swift */,
				71D33BF321C9250F0099E59D /* Day1.swift */,
				71D33BF621C9296B0099E59D /* Day2.swift */,
				71D33BFA21C92E380099E59D /* Day3.swift */,
				71D33BFD21C930880099E59D /* Day4.swift */,
				71D33BFF21C931C70099E59D /* Day5.swift */,
				71D33C0321C937F80099E59D /* Day6.swift */,
			);
			path = Days;
			sourceTree = "<group>";
		};
		71D33BEB21C923D10099E59D /* Input */ = {
			isa = PBXGroup;
			children = (
				71D33BF021C924190099E59D /* Input.swift */,
				71D33BF521C925730099E59D /* day1.txt */,
				71D33BF821C929760099E59D /* day2.txt */,
				71D33BF921C92E290099E59D /* day3.txt */,
				71D33BFC21C930760099E59D /* day4.txt */,
				71D33C0121C931D20099E59D /* day5.txt */,
				71D33C0221C937E40099E59D /* day6.txt */,
			);
			path = Input;
			sourceTree = "<group>";
		};
/* End PBXGroup section */

/* Begin PBXNativeTarget section */
		71D33BDF21C923AA0099E59D /* AdventOfCode2017 */ = {
			isa = PBXNativeTarget;
			buildConfigurationList = 71D33BE721C923AA0099E59D /* Build configuration list for PBXNativeTarget "AdventOfCode2017" */;
			buildPhases = (
				71D33BDC21C923AA0099E59D /* Sources */,
				71D33BDD21C923AA0099E59D /* Frameworks */,
				71D33BDE21C923AA0099E59D /* CopyFiles */,
			);
			buildRules = (
			);
			dependencies = (
			);
			name = AdventOfCode2017;
			productName = AdventOfCode2017;
			productReference = 71D33BE021C923AA0099E59D /* AdventOfCode2017 */;
			productType = "com.apple.product-type.tool";
		};
/* End PBXNativeTarget section */

/* Begin PBXProject section */
		71D33BD821C923AA0099E59D /* Project object */ = {
			isa = PBXProject;
			attributes = {
				LastSwiftUpdateCheck = 1010;
				LastUpgradeCheck = 1010;
				ORGANIZATIONNAME = "Thomas DURAND";
				TargetAttributes = {
					71D33BDF21C923AA0099E59D = {
						CreatedOnToolsVersion = 10.1;
					};
				};
			};
			buildConfigurationList = 71D33BDB21C923AA0099E59D /* Build configuration list for PBXProject "AdventOfCode2017" */;
			compatibilityVersion = "Xcode 9.3";
			developmentRegion = en;
			hasScannedForEncodings = 0;
			knownRegions = (
				en,
			);
			mainGroup = 71D33BD721C923AA0099E59D;
			productRefGroup = 71D33BE121C923AA0099E59D /* Products */;
			projectDirPath = "";
			projectRoot = "";
			targets = (
				71D33BDF21C923AA0099E59D /* AdventOfCode2017 */,
			);
		};
/* End PBXProject section */

/* Begin PBXSourcesBuildPhase section */
		71D33BDC21C923AA0099E59D /* Sources */ = {
			isa = PBXSourcesBuildPhase;
			buildActionMask = 2147483647;
			files = (
				71D33BFB21C92E380099E59D /* Day3.swift in Sources */,
				71D33C0421C937F80099E59D /* Day6.swift in Sources */,
				71D33BED21C923F50099E59D /* Day.swift in Sources */,
				71D33BF721C9296B0099E59D /* Day2.swift in Sources */,
				71D33BF421C9250F0099E59D /* Day1.swift in Sources */,
				71D33BEF21C923FB0099E59D /* shared.swift in Sources */,
				71D33BF121C924190099E59D /* Input.swift in Sources */,
				71D33BE421C923AA0099E59D /* main.swift in Sources */,
				71D33C0021C931C70099E59D /* Day5.swift in Sources */,
				71D33BFE21C930880099E59D /* Day4.swift in Sources */,
			);
			runOnlyForDeploymentPostprocessing = 0;
		};
/* End PBXSourcesBuildPhase section */

/* Begin XCBuildConfiguration section */
		71D33BE521C923AA0099E59D /* Debug */ = {
			isa = XCBuildConfiguration;
			buildSettings = {
				ALWAYS_SEARCH_USER_PATHS = NO;
				CLANG_ANALYZER_NONNULL = YES;
				CLANG_ANALYZER_NUMBER_OBJECT_CONVERSION = YES_AGGRESSIVE;
				CLANG_CXX_LANGUAGE_STANDARD = "gnu++14";
				CLANG_CXX_LIBRARY = "libc++";
				CLANG_ENABLE_MODULES = YES;
				CLANG_ENABLE_OBJC_ARC = YES;
				CLANG_ENABLE_OBJC_WEAK = YES;
				CLANG_WARN_BLOCK_CAPTURE_AUTORELEASING = YES;
				CLANG_WARN_BOOL_CONVERSION = YES;
				CLANG_WARN_COMMA = YES;
				CLANG_WARN_CONSTANT_CONVERSION = YES;
				CLANG_WARN_DEPRECATED_OBJC_IMPLEMENTATIONS = YES;
				CLANG_WARN_DIRECT_OBJC_ISA_USAGE = YES_ERROR;
				CLANG_WARN_DOCUMENTATION_COMMENTS = YES;
				CLANG_WARN_EMPTY_BODY = YES;
				CLANG_WARN_ENUM_CONVERSION = YES;
				CLANG_WARN_INFINITE_RECURSION = YES;
				CLANG_WARN_INT_CONVERSION = YES;
				CLANG_WARN_NON_LITERAL_NULL_CONVERSION = YES;
				CLANG_WARN_OBJC_IMPLICIT_RETAIN_SELF = YES;
				CLANG_WARN_OBJC_LITERAL_CONVERSION = YES;
				CLANG_WARN_OBJC_ROOT_CLASS = YES_ERROR;
				CLANG_WARN_RANGE_LOOP_ANALYSIS = YES;
				CLANG_WARN_STRICT_PROTOTYPES = YES;
				CLANG_WARN_SUSPICIOUS_MOVE = YES;
				CLANG_WARN_UNGUARDED_AVAILABILITY = YES_AGGRESSIVE;
				CLANG_WARN_UNREACHABLE_CODE = YES;
				CLANG_WARN__DUPLICATE_METHOD_MATCH = YES;
				CODE_SIGN_IDENTITY = "Mac Developer";
				COPY_PHASE_STRIP = NO;
				DEBUG_INFORMATION_FORMAT = dwarf;
				ENABLE_STRICT_OBJC_MSGSEND = YES;
				ENABLE_TESTABILITY = YES;
				GCC_C_LANGUAGE_STANDARD = gnu11;
				GCC_DYNAMIC_NO_PIC = NO;
				GCC_NO_COMMON_BLOCKS = YES;
				GCC_OPTIMIZATION_LEVEL = 0;
				GCC_PREPROCESSOR_DEFINITIONS = (
					"DEBUG=1",
					"$(inherited)",
				);
				GCC_WARN_64_TO_32_BIT_CONVERSION = YES;
				GCC_WARN_ABOUT_RETURN_TYPE = YES_ERROR;
				GCC_WARN_UNDECLARED_SELECTOR = YES;
				GCC_WARN_UNINITIALIZED_AUTOS = YES_AGGRESSIVE;
				GCC_WARN_UNUSED_FUNCTION = YES;
				GCC_WARN_UNUSED_VARIABLE = YES;
				MACOSX_DEPLOYMENT_TARGET = 10.14;
				MTL_ENABLE_DEBUG_INFO = INCLUDE_SOURCE;
				MTL_FAST_MATH = YES;
				ONLY_ACTIVE_ARCH = YES;
				SDKROOT = macosx;
				SWIFT_ACTIVE_COMPILATION_CONDITIONS = DEBUG;
				SWIFT_OPTIMIZATION_LEVEL = "-Onone";
			};
			name = Debug;
		};
		71D33BE621C923AA0099E59D /* Release */ = {
			isa = XCBuildConfiguration;
			buildSettings = {
				ALWAYS_SEARCH_USER_PATHS = NO;
				CLANG_ANALYZER_NONNULL = YES;
				CLANG_ANALYZER_NUMBER_OBJECT_CONVERSION = YES_AGGRESSIVE;
				CLANG_CXX_LANGUAGE_STANDARD = "gnu++14";
				CLANG_CXX_LIBRARY = "libc++";
				CLANG_ENABLE_MODULES = YES;
				CLANG_ENABLE_OBJC_ARC = YES;
				CLANG_ENABLE_OBJC_WEAK = YES;
				CLANG_WARN_BLOCK_CAPTURE_AUTORELEASING = YES;
				CLANG_WARN_BOOL_CONVERSION = YES;
				CLANG_WARN_COMMA = YES;
				CLANG_WARN_CONSTANT_CONVERSION = YES;
				CLANG_WARN_DEPRECATED_OBJC_IMPLEMENTATIONS = YES;
				CLANG_WARN_DIRECT_OBJC_ISA_USAGE = YES_ERROR;
				CLANG_WARN_DOCUMENTATION_COMMENTS = YES;
				CLANG_WARN_EMPTY_BODY = YES;
				CLANG_WARN_ENUM_CONVERSION = YES;
				CLANG_WARN_INFINITE_RECURSION = YES;
				CLANG_WARN_INT_CONVERSION = YES;
				CLANG_WARN_NON_LITERAL_NULL_CONVERSION = YES;
				CLANG_WARN_OBJC_IMPLICIT_RETAIN_SELF = YES;
				CLANG_WARN_OBJC_LITERAL_CONVERSION = YES;
				CLANG_WARN_OBJC_ROOT_CLASS = YES_ERROR;
				CLANG_WARN_RANGE_LOOP_ANALYSIS = YES;
				CLANG_WARN_STRICT_PROTOTYPES = YES;
				CLANG_WARN_SUSPICIOUS_MOVE = YES;
				CLANG_WARN_UNGUARDED_AVAILABILITY = YES_AGGRESSIVE;
				CLANG_WARN_UNREACHABLE_CODE = YES;
				CLANG_WARN__DUPLICATE_METHOD_MATCH = YES;
				CODE_SIGN_IDENTITY = "Mac Developer";
				COPY_PHASE_STRIP = NO;
				DEBUG_INFORMATION_FORMAT = "dwarf-with-dsym";
				ENABLE_NS_ASSERTIONS = NO;
				ENABLE_STRICT_OBJC_MSGSEND = YES;
				GCC_C_LANGUAGE_STANDARD = gnu11;
				GCC_NO_COMMON_BLOCKS = YES;
				GCC_WARN_64_TO_32_BIT_CONVERSION = YES;
				GCC_WARN_ABOUT_RETURN_TYPE = YES_ERROR;
				GCC_WARN_UNDECLARED_SELECTOR = YES;
				GCC_WARN_UNINITIALIZED_AUTOS = YES_AGGRESSIVE;
				GCC_WARN_UNUSED_FUNCTION = YES;
				GCC_WARN_UNUSED_VARIABLE = YES;
				MACOSX_DEPLOYMENT_TARGET = 10.14;
				MTL_ENABLE_DEBUG_INFO = NO;
				MTL_FAST_MATH = YES;
				SDKROOT = macosx;
				SWIFT_COMPILATION_MODE = wholemodule;
				SWIFT_OPTIMIZATION_LEVEL = "-O";
			};
			name = Release;
		};
		71D33BE821C923AA0099E59D /* Debug */ = {
			isa = XCBuildConfiguration;
			buildSettings = {
				CODE_SIGN_STYLE = Automatic;
				DEVELOPMENT_TEAM = 6EL5V5QVB4;
				PRODUCT_NAME = "$(TARGET_NAME)";
				SWIFT_VERSION = 4.2;
			};
			name = Debug;
		};
		71D33BE921C923AA0099E59D /* Release */ = {
			isa = XCBuildConfiguration;
			buildSettings = {
				CODE_SIGN_STYLE = Automatic;
				DEVELOPMENT_TEAM = 6EL5V5QVB4;
				PRODUCT_NAME = "$(TARGET_NAME)";
				SWIFT_VERSION = 4.2;
			};
			name = Release;
		};
/* End XCBuildConfiguration section */

/* Begin XCConfigurationList section */
		71D33BDB21C923AA0099E59D /* Build configuration list for PBXProject "AdventOfCode2017" */ = {
			isa = XCConfigurationList;
			buildConfigurations = (
				71D33BE521C923AA0099E59D /* Debug */,
				71D33BE621C923AA0099E59D /* Release */,
			);
			defaultConfigurationIsVisible = 0;
			defaultConfigurationName = Release;
		};
		71D33BE721C923AA0099E59D /* Build configuration list for PBXNativeTarget "AdventOfCode2017" */ = {
			isa = XCConfigurationList;
			buildConfigurations = (
				71D33BE821C923AA0099E59D /* Debug */,
				71D33BE921C923AA0099E59D /* Release */,
			);
			defaultConfigurationIsVisible = 0;
			defaultConfigurationName = Release;
		};
/* End XCConfigurationList section */
	};
	rootObject = 71D33BD821C923AA0099E59D /* Project object */;
}
